
Microsoft Visual Studio Solution File, Format Version 12.00
# Visual Studio 15
VisualStudioVersion = 15.0.27703.2042
MinimumVisualStudioVersion = 10.0.40219.1
Project("{FAE04EC0-301F-11D3-BF4B-00C04F79EFBC}") = "Product Pricing", "Product Pricing\Product Pricing.csproj", "{ABC53019-29A2-4A10-B11A-B1CDF9641A7E}"
EndProject
Global
	GlobalSection(SolutionConfigurationPlatforms) = preSolution
		Debug|Any CPU = Debug|Any CPU
		Release|Any CPU = Release|Any CPU
	EndGlobalSection
	GlobalSection(ProjectConfigurationPlatforms) = postSolution
		{ABC53019-29A2-4A10-B11A-B1CDF9641A7E}.Debug|Any CPU.ActiveCfg = Debug|Any CPU
		{ABC53019-29A2-4A10-B11A-B1CDF9641A7E}.Debug|Any CPU.Build.0 = Debug|Any CPU
		{ABC53019-29A2-4A10-B11A-B1CDF9641A7E}.Release|Any CPU.ActiveCfg = Release|Any CPU
		{ABC53019-29A2-4A10-B11A-B1CDF9641A7E}.Release|Any CPU.Build.0 = Release|Any CPU
	EndGlobalSection
	GlobalSection(SolutionProperties) = preSolution
		HideSolutionNode = FALSE
	EndGlobalSection
	GlobalSection(ExtensibilityGlobals) = postSolution
		SolutionGuid = {B48D2D3E-51EF-4D0A-8600-A3E6EFEABEE3}
	EndGlobalSection
EndGlobal
