
Microsoft Visual Studio Solution File, Format Version 12.00
# Visual Studio 15
VisualStudioVersion = 15.0.28010.2036
MinimumVisualStudioVersion = 10.0.40219.1
Project("{FAE04EC0-301F-11D3-BF4B-00C04F79EFBC}") = "Factorials", "Factorials\Factorials.csproj", "{A0530529-323E-4897-90F3-011391756B09}"
EndProject
Global
	GlobalSection(SolutionConfigurationPlatforms) = preSolution
		Debug|Any CPU = Debug|Any CPU
		Release|Any CPU = Release|Any CPU
	EndGlobalSection
	GlobalSection(ProjectConfigurationPlatforms) = postSolution
		{A0530529-323E-4897-90F3-011391756B09}.Debug|Any CPU.ActiveCfg = Debug|Any CPU
		{A0530529-323E-4897-90F3-011391756B09}.Debug|Any CPU.Build.0 = Debug|Any CPU
		{A0530529-323E-4897-90F3-011391756B09}.Release|Any CPU.ActiveCfg = Release|Any CPU
		{A0530529-323E-4897-90F3-011391756B09}.Release|Any CPU.Build.0 = Release|Any CPU
	EndGlobalSection
	GlobalSection(SolutionProperties) = preSolution
		HideSolutionNode = FALSE
	EndGlobalSection
	GlobalSection(ExtensibilityGlobals) = postSolution
		SolutionGuid = {0E839793-5DFB-406D-BDAE-E8E4AD2078AF}
	EndGlobalSection
EndGlobal
